
Microsoft Visual Studio Solution File, Format Version 12.00
# Visual Studio Version 17
VisualStudioVersion = 17.14.36414.22 d17.14
MinimumVisualStudioVersion = 10.0.40219.1
Project("{FAE04EC0-301F-11D3-BF4B-00C04F79EFBC}") = "VidApi", "WebApplication2\VidApi.csproj", "{3B1CA80C-EBAA-40C1-A089-AB6B7C6FA699}"
EndProject
Global
	GlobalSection(SolutionConfigurationPlatforms) = preSolution
		Debug|Any CPU = Debug|Any CPU
		Release|Any CPU = Release|Any CPU
	EndGlobalSection
	GlobalSection(ProjectConfigurationPlatforms) = postSolution
		{3B1CA80C-EBAA-40C1-A089-AB6B7C6FA699}.Debug|Any CPU.ActiveCfg = Debug|Any CPU
		{3B1CA80C-EBAA-40C1-A089-AB6B7C6FA699}.Debug|Any CPU.Build.0 = Debug|Any CPU
		{3B1CA80C-EBAA-40C1-A089-AB6B7C6FA699}.Release|Any CPU.ActiveCfg = Release|Any CPU
		{3B1CA80C-EBAA-40C1-A089-AB6B7C6FA699}.Release|Any CPU.Build.0 = Release|Any CPU
	EndGlobalSection
	GlobalSection(SolutionProperties) = preSolution
		HideSolutionNode = FALSE
	EndGlobalSection
	GlobalSection(ExtensibilityGlobals) = postSolution
		SolutionGuid = {C12550D3-C73A-4C81-BB8E-C5A27C8AEC50}
	EndGlobalSection
EndGlobal
